{
    "_readme": [
        "This file locks the dependencies of your project to a known state",
        "Read more about it at https://getcomposer.org/doc/01-basic-usage.md#composer-lock-the-lock-file",
        "This file is @generated automatically"
    ],
    "hash": "67c16f662c2f556baf1c187d47eabf42",
    "content-hash": "ad195afb00e9a715fe8f7469ca82d459",
    "packages": [
        {
            "name": "cascade/admin",
            "version": "dev-master",
            "source": {
                "type": "git",
                "url": "git@git.frozen-doe.net:cascade/administration.git",
                "reference": "b96c10a9d30c656e8559e6bcbb185d9d89f51bda"
            },
            "require": {
                "cascade/composer-plugin": ">=1.1",
                "cascade/core": ">=0.11"
            },
            "type": "cascade-plugin",
            "extra": {
                "plugin": "admin"
            },
            "license": [
                "Apache-2.0"
            ],
            "authors": [
                {
                    "name": "Josef Kufner",
                    "email": "jk@frozen-doe.net"
                }
            ],
            "description": "Administration infrastructure",
            "time": "2015-06-06 16:26:54"
        },
        {
            "name": "cascade/block_editor",
            "version": "dev-master",
            "source": {
                "type": "git",
                "url": "git@git.frozen-doe.net:cascade/block-editor.git",
                "reference": "fa1638b416a9376e0f123456d01f2af13d289692"
            },
            "require": {
                "cascade/admin": "dev-master",
                "cascade/composer-plugin": ">=1.1"
            },
            "type": "cascade-plugin",
            "extra": {
                "plugin": "block_editor"
            },
            "license": [
                "Apache-2.0"
            ],
            "authors": [
                {
                    "name": "Josef Kufner",
                    "email": "josef@kufner.cz"
                },
                {
                    "name": "Martin Adámek",
                    "email": "adamema4@fel.cvut.cz"
                }
            ],
            "description": "Visual block editor",
            "time": "2016-02-29 22:29:06"
        },
        {
            "name": "cascade/composer-plugin",
            "version": "v1.1",
            "source": {
                "type": "git",
                "url": "git@git.frozen-doe.net:cascade/composer-plugin.git",
                "reference": "cbad9e45ab2fde398e2a741d594acd90c54b8f2b"
            },
            "type": "composer-installer",
            "extra": {
                "class": "Cascade\\ComposerPlugin\\Installer"
            },
            "autoload": {
                "psr-4": {
                    "Cascade\\ComposerPlugin\\": "src/"
                }
            },
            "license": [
                "MIT"
            ],
            "description": "A Composer installer",
            "time": "2014-01-05 01:10:08"
        },
        {
            "name": "cascade/core",
            "version": "v1.0",
            "source": {
                "type": "git",
                "url": "git@git.frozen-doe.net:cascade/core.git",
                "reference": "8117217fa6a583d96eedf8352d02a40536a67bd4"
            },
            "require": {
                "cascade/composer-plugin": ">=1.1",
                "ext-apcu": "*",
                "ext-gettext": "*",
                "ext-json": "*",
                "php": ">=5.3.3"
            },
            "type": "cascade-core",
            "autoload": {
                "psr-4": {
                    "Cascade\\Core\\": "class/"
                }
            },
            "license": [
                "Apache-2.0"
            ],
            "authors": [
                {
                    "name": "Josef Kufner",
                    "email": "jk@frozen-doe.net"
                }
            ],
            "description": "Core of the framework",
            "time": "2016-12-01 19:43:15"
        },
        {
            "name": "cascade/gallery",
            "version": "dev-master",
            "source": {
                "type": "git",
                "url": "git@git.frozen-doe.net:cascade/gallery.git",
                "reference": "16dab7f36f9bf1dd12c8d384c2621e2527d4b8cc"
            },
            "require": {
                "cascade/composer-plugin": ">=1.1"
            },
            "type": "cascade-plugin",
            "extra": {
                "plugin": "gallery"
            },
            "license": [
                "Apache-2.0"
            ],
            "authors": [
                {
                    "name": "Josef Kufner",
                    "email": "jk@frozen-doe.net"
                }
            ],
            "description": "Photo gallery plugin",
            "time": "2016-12-16 22:36:34"
        }
    ],
    "packages-dev": [],
    "aliases": [],
    "minimum-stability": "dev",
    "stability-flags": {
        "cascade/gallery": 20,
        "cascade/admin": 20,
        "cascade/block_editor": 20
    },
    "prefer-stable": true,
    "prefer-lowest": false,
    "platform": [],
    "platform-dev": []
}
